
Microsoft Visual Studio Solution File, Format Version 12.00
# Visual Studio 15
Project("{FAE04EC0-301F-11D3-BF4B-00C04F79EFBC}") = "Assembly-CSharp", "Assembly-CSharp.csproj", "{381C536C-8A46-7C46-EE64-7D48C092A3E9}"
EndProject
Project("{FAE04EC0-301F-11D3-BF4B-00C04F79EFBC}") = "AimingRig", "AimingRig.csproj", "{1D645C89-B2E9-139D-869F-FF245967BE31}"
EndProject
Global
	GlobalSection(SolutionConfigurationPlatforms) = preSolution
		Debug|Any CPU = Debug|Any CPU
		Release|Any CPU = Release|Any CPU
	EndGlobalSection
	GlobalSection(ProjectConfigurationPlatforms) = postSolution
		{381C536C-8A46-7C46-EE64-7D48C092A3E9}.Debug|Any CPU.ActiveCfg = Debug|Any CPU
		{381C536C-8A46-7C46-EE64-7D48C092A3E9}.Debug|Any CPU.Build.0 = Debug|Any CPU
		{381C536C-8A46-7C46-EE64-7D48C092A3E9}.Release|Any CPU.ActiveCfg = Release|Any CPU
		{381C536C-8A46-7C46-EE64-7D48C092A3E9}.Release|Any CPU.Build.0 = Release|Any CPU
		{1D645C89-B2E9-139D-869F-FF245967BE31}.Debug|Any CPU.ActiveCfg = Debug|Any CPU
		{1D645C89-B2E9-139D-869F-FF245967BE31}.Debug|Any CPU.Build.0 = Debug|Any CPU
		{1D645C89-B2E9-139D-869F-FF245967BE31}.Release|Any CPU.ActiveCfg = Release|Any CPU
		{1D645C89-B2E9-139D-869F-FF245967BE31}.Release|Any CPU.Build.0 = Release|Any CPU
	EndGlobalSection
	GlobalSection(SolutionProperties) = preSolution
		HideSolutionNode = FALSE
	EndGlobalSection
EndGlobal
